// !$*UTF8*$!
{
	archiveVersion = 1;
	classes = {
	};
	objectVersion = 51;
	objects = {

/* Begin PBXBuildFile section */
		A9793A844063E1E0159E4944 /* Pods_DEMO.framework in Frameworks */ = {isa = PBXBuildFile; fileRef = 043FBC795A4786755E9DAC45 /* Pods_DEMO.framework */; };
		E04A64E227532AE200ECDC62 /* AppDelegate.m in Sources */ = {isa = PBXBuildFile; fileRef = E04A64E127532AE200ECDC62 /* AppDelegate.m */; };
		E04A64E527532AE200ECDC62 /* SceneDelegate.m in Sources */ = {isa = PBXBuildFile; fileRef = E04A64E427532AE200ECDC62 /* SceneDelegate.m */; };
		E04A64E827532AE200ECDC62 /* ViewController.m in Sources */ = {isa = PBXBuildFile; fileRef = E04A64E727532AE200ECDC62 /* ViewController.m */; };
		E04A64EB27532AE200ECDC62 /* Main.storyboard in Resources */ = {isa = PBXBuildFile; fileRef = E04A64E927532AE200ECDC62 /* Main.storyboard */; };
		E04A64ED27532AE500ECDC62 /* Assets.xcassets in Resources */ = {isa = PBXBuildFile; fileRef = E04A64EC27532AE500ECDC62 /* Assets.xcassets */; };
		E04A64F027532AE500ECDC62 /* LaunchScreen.storyboard in Resources */ = {isa = PBXBuildFile; fileRef = E04A64EE27532AE500ECDC62 /* LaunchScreen.storyboard */; };
		E04A64F327532AE500ECDC62 /* main.m in Sources */ = {isa = PBXBuildFile; fileRef = E04A64F227532AE500ECDC62 /* main.m */; };
		E04A64FC27532DAD00ECDC62 /* GCD.m in Sources */ = {isa = PBXBuildFile; fileRef = E04A64FB27532DAD00ECDC62 /* GCD.m */; };
		E04A6501275C5A2200ECDC62 /* GPTabBarController.m in Sources */ = {isa = PBXBuildFile; fileRef = E04A6500275C5A2200ECDC62 /* GPTabBarController.m */; };
		E04A6504275C5AC100ECDC62 /* GPNavigationController.m in Sources */ = {isa = PBXBuildFile; fileRef = E04A6503275C5AC100ECDC62 /* GPNavigationController.m */; };
		E04A650B275C5AED00ECDC62 /* UIImage+GPImage.m in Sources */ = {isa = PBXBuildFile; fileRef = E04A6507275C5AED00ECDC62 /* UIImage+GPImage.m */; };
		E04A650C275C5AED00ECDC62 /* UIView+GPLayout.m in Sources */ = {isa = PBXBuildFile; fileRef = E04A6509275C5AED00ECDC62 /* UIView+GPLayout.m */; };
		E04A650D275C5AED00ECDC62 /* CALayer+PauseAimate.m in Sources */ = {isa = PBXBuildFile; fileRef = E04A650A275C5AED00ECDC62 /* CALayer+PauseAimate.m */; };
		E04A6518275C5B2600ECDC62 /* GPMiddleView.m in Sources */ = {isa = PBXBuildFile; fileRef = E04A6511275C5B2600ECDC62 /* GPMiddleView.m */; };
		E04A6519275C5B2600ECDC62 /* GPNavBar.m in Sources */ = {isa = PBXBuildFile; fileRef = E04A6513275C5B2600ECDC62 /* GPNavBar.m */; };
		E04A651A275C5B2600ECDC62 /* GPTabBar.m in Sources */ = {isa = PBXBuildFile; fileRef = E04A6515275C5B2600ECDC62 /* GPTabBar.m */; };
		E04A651B275C5B2600ECDC62 /* GPMiddleView.xib in Resources */ = {isa = PBXBuildFile; fileRef = E04A6517275C5B2600ECDC62 /* GPMiddleView.xib */; };
		E04FAD6A27A6370E005E1585 /* MainModuleAPI.m in Sources */ = {isa = PBXBuildFile; fileRef = E04FAD6927A6370E005E1585 /* MainModuleAPI.m */; };
		E04FAD7027A8DD08005E1585 /* GPSegmenBarConfig.m in Sources */ = {isa = PBXBuildFile; fileRef = E04FAD6F27A8DD08005E1585 /* GPSegmenBarConfig.m */; };
		E04FAD7327A8E01C005E1585 /* GPSegmentBarView.m in Sources */ = {isa = PBXBuildFile; fileRef = E04FAD7227A8E01C005E1585 /* GPSegmentBarView.m */; };
		E04FAD7627A969E1005E1585 /* GPSementBarViewController.m in Sources */ = {isa = PBXBuildFile; fileRef = E04FAD7527A969E1005E1585 /* GPSementBarViewController.m */; };
		E04FAD7B27AA2F13005E1585 /* GPPictureCycleView.m in Sources */ = {isa = PBXBuildFile; fileRef = E04FAD7A27AA2F13005E1585 /* GPPictureCycleView.m */; };
		E04FAD7E27AA540D005E1585 /* NSString+GPString.m in Sources */ = {isa = PBXBuildFile; fileRef = E04FAD7D27AA540D005E1585 /* NSString+GPString.m */; };
		E04FAD8127AA56BE005E1585 /* GPDownLoaderFileTool.m in Sources */ = {isa = PBXBuildFile; fileRef = E04FAD8027AA56BE005E1585 /* GPDownLoaderFileTool.m */; };
		E04FAD8627AA5714005E1585 /* GPDownLoader.m in Sources */ = {isa = PBXBuildFile; fileRef = E04FAD8327AA5714005E1585 /* GPDownLoader.m */; };
		E04FAD8727AA5714005E1585 /* GPDownLoadManager.m in Sources */ = {isa = PBXBuildFile; fileRef = E04FAD8527AA5714005E1585 /* GPDownLoadManager.m */; };
		E04FAD8B27AB918A005E1585 /* NSURL+GPURL.m in Sources */ = {isa = PBXBuildFile; fileRef = E04FAD8A27AB918A005E1585 /* NSURL+GPURL.m */; };
		E04FAD9427AB91B2005E1585 /* GPAudioDownLoader.m in Sources */ = {isa = PBXBuildFile; fileRef = E04FAD8C27AB91B1005E1585 /* GPAudioDownLoader.m */; };
		E04FAD9527AB91B2005E1585 /* GPAudioFileTool.m in Sources */ = {isa = PBXBuildFile; fileRef = E04FAD8D27AB91B1005E1585 /* GPAudioFileTool.m */; };
		E04FAD9627AB91B2005E1585 /* GPRemotePlayer.m in Sources */ = {isa = PBXBuildFile; fileRef = E04FAD8F27AB91B1005E1585 /* GPRemotePlayer.m */; };
		E04FAD9727AB91B2005E1585 /* GPResourceLoader.m in Sources */ = {isa = PBXBuildFile; fileRef = E04FAD9327AB91B2005E1585 /* GPResourceLoader.m */; };
		E04FADA127AC1902005E1585 /* GPModelTool.m in Sources */ = {isa = PBXBuildFile; fileRef = E04FAD9C27AC1902005E1585 /* GPModelTool.m */; };
		E04FADA227AC1902005E1585 /* GPTableTool.m in Sources */ = {isa = PBXBuildFile; fileRef = E04FAD9D27AC1902005E1585 /* GPTableTool.m */; };
		E04FADA327AC1902005E1585 /* GPSqliteTool.m in Sources */ = {isa = PBXBuildFile; fileRef = E04FAD9E27AC1902005E1585 /* GPSqliteTool.m */; };
		E04FADA427AC1902005E1585 /* GPSqliteModelTool.m in Sources */ = {isa = PBXBuildFile; fileRef = E04FAD9F27AC1902005E1585 /* GPSqliteModelTool.m */; };
		E04FADDF27B0FC4B005E1585 /* GPFunctionalCalculator.m in Sources */ = {isa = PBXBuildFile; fileRef = E04FADDE27B0FC4B005E1585 /* GPFunctionalCalculator.m */; };
		E04FADE227B0FD0F005E1585 /* GPChainedCalculator.m in Sources */ = {isa = PBXBuildFile; fileRef = E04FADE127B0FD0F005E1585 /* GPChainedCalculator.m */; };
		E04FADE527B107FF005E1585 /* GPRACBaseLearning.m in Sources */ = {isa = PBXBuildFile; fileRef = E04FADE427B107FF005E1585 /* GPRACBaseLearning.m */; };
		E04FADE827B10A1E005E1585 /* GPFlagItem.m in Sources */ = {isa = PBXBuildFile; fileRef = E04FADE627B10A1E005E1585 /* GPFlagItem.m */; };
		E04FADEC27B10E3F005E1585 /* GPRACUseScene.m in Sources */ = {isa = PBXBuildFile; fileRef = E04FADEB27B10E3F005E1585 /* GPRACUseScene.m */; };
		E04FADF927B13F00005E1585 /* MVVMViewModel.m in Sources */ = {isa = PBXBuildFile; fileRef = E04FADF427B13EFF005E1585 /* MVVMViewModel.m */; };
		E04FADFA27B13F00005E1585 /* Model.m in Sources */ = {isa = PBXBuildFile; fileRef = E04FADF227B13EFE005E1585 /* Model.m */; };
		E04FADFB27B13F00005E1585 /* MVVMViewController.m in Sources */ = {isa = PBXBuildFile; fileRef = E04FADF127B13EFE005E1585 /* MVVMViewController.m */; };
		E04FADFC27B13F00005E1585 /* MVVMView.m in Sources */ = {isa = PBXBuildFile; fileRef = E04FADF027B13EFE005E1585 /* MVVMView.m */; };
		E04FADFD27B13F00005E1585 /* ViewModelClass.m in Sources */ = {isa = PBXBuildFile; fileRef = E04FADF627B13EFF005E1585 /* ViewModelClass.m */; };
		E04FAE0027B13FBA005E1585 /* GPRACAdvancedLearning.m in Sources */ = {isa = PBXBuildFile; fileRef = E04FADFF27B13FBA005E1585 /* GPRACAdvancedLearning.m */; };
		E0FB012227B1549200C71112 /* UIView+GPView.m in Sources */ = {isa = PBXBuildFile; fileRef = E0FB012127B1549200C71112 /* UIView+GPView.m */; };
		E0FB012627B2A2E400C71112 /* GPVideoCamera.m in Sources */ = {isa = PBXBuildFile; fileRef = E0FB012427B2A2E400C71112 /* GPVideoCamera.m */; };
		E0FB012927B2A60C00C71112 /* GPOpenGLView.m in Sources */ = {isa = PBXBuildFile; fileRef = E0FB012827B2A60C00C71112 /* GPOpenGLView.m */; };
/* End PBXBuildFile section */

/* Begin PBXFileReference section */
		043FBC795A4786755E9DAC45 /* Pods_DEMO.framework */ = {isa = PBXFileReference; explicitFileType = wrapper.framework; includeInIndex = 0; path = Pods_DEMO.framework; sourceTree = BUILT_PRODUCTS_DIR; };
		33D058DC2353C609C29AD0BE /* Pods-DEMO.release.xcconfig */ = {isa = PBXFileReference; includeInIndex = 1; lastKnownFileType = text.xcconfig; name = "Pods-DEMO.release.xcconfig"; path = "Target Support Files/Pods-DEMO/Pods-DEMO.release.xcconfig"; sourceTree = "<group>"; };
		559C99D43B84F5AF76913424 /* Pods-DEMO.debug.xcconfig */ = {isa = PBXFileReference; includeInIndex = 1; lastKnownFileType = text.xcconfig; name = "Pods-DEMO.debug.xcconfig"; path = "Target Support Files/Pods-DEMO/Pods-DEMO.debug.xcconfig"; sourceTree = "<group>"; };
		E04A64DD27532AE200ECDC62 /* DEMO.app */ = {isa = PBXFileReference; explicitFileType = wrapper.application; includeInIndex = 0; path = DEMO.app; sourceTree = BUILT_PRODUCTS_DIR; };
		E04A64E027532AE200ECDC62 /* AppDelegate.h */ = {isa = PBXFileReference; lastKnownFileType = sourcecode.c.h; path = AppDelegate.h; sourceTree = "<group>"; };
		E04A64E127532AE200ECDC62 /* AppDelegate.m */ = {isa = PBXFileReference; lastKnownFileType = sourcecode.c.objc; path = AppDelegate.m; sourceTree = "<group>"; };
		E04A64E327532AE200ECDC62 /* SceneDelegate.h */ = {isa = PBXFileReference; lastKnownFileType = sourcecode.c.h; path = SceneDelegate.h; sourceTree = "<group>"; };
		E04A64E427532AE200ECDC62 /* SceneDelegate.m */ = {isa = PBXFileReference; lastKnownFileType = sourcecode.c.objc; path = SceneDelegate.m; sourceTree = "<group>"; };
		E04A64E627532AE200ECDC62 /* ViewController.h */ = {isa = PBXFileReference; lastKnownFileType = sourcecode.c.h; path = ViewController.h; sourceTree = "<group>"; };
		E04A64E727532AE200ECDC62 /* ViewController.m */ = {isa = PBXFileReference; lastKnownFileType = sourcecode.c.objc; path = ViewController.m; sourceTree = "<group>"; };
		E04A64EA27532AE200ECDC62 /* Base */ = {isa = PBXFileReference; lastKnownFileType = file.storyboard; name = Base; path = Base.lproj/Main.storyboard; sourceTree = "<group>"; };
		E04A64EC27532AE500ECDC62 /* Assets.xcassets */ = {isa = PBXFileReference; lastKnownFileType = folder.assetcatalog; path = Assets.xcassets; sourceTree = "<group>"; };
		E04A64EF27532AE500ECDC62 /* Base */ = {isa = PBXFileReference; lastKnownFileType = file.storyboard; name = Base; path = Base.lproj/LaunchScreen.storyboard; sourceTree = "<group>"; };
		E04A64F127532AE500ECDC62 /* Info.plist */ = {isa = PBXFileReference; lastKnownFileType = text.plist.xml; path = Info.plist; sourceTree = "<group>"; };
		E04A64F227532AE500ECDC62 /* main.m */ = {isa = PBXFileReference; lastKnownFileType = sourcecode.c.objc; path = main.m; sourceTree = "<group>"; };
		E04A64FA27532DAD00ECDC62 /* GCD.h */ = {isa = PBXFileReference; fileEncoding = 4; lastKnownFileType = sourcecode.c.h; path = GCD.h; sourceTree = "<group>"; };
		E04A64FB27532DAD00ECDC62 /* GCD.m */ = {isa = PBXFileReference; fileEncoding = 4; lastKnownFileType = sourcecode.c.objc; path = GCD.m; sourceTree = "<group>"; };
		E04A64FF275C5A2200ECDC62 /* GPTabBarController.h */ = {isa = PBXFileReference; lastKnownFileType = sourcecode.c.h; path = GPTabBarController.h; sourceTree = "<group>"; };
		E04A6500275C5A2200ECDC62 /* GPTabBarController.m */ = {isa = PBXFileReference; lastKnownFileType = sourcecode.c.objc; path = GPTabBarController.m; sourceTree = "<group>"; };
		E04A6502275C5AC100ECDC62 /* GPNavigationController.h */ = {isa = PBXFileReference; lastKnownFileType = sourcecode.c.h; path = GPNavigationController.h; sourceTree = "<group>"; };
		E04A6503275C5AC100ECDC62 /* GPNavigationController.m */ = {isa = PBXFileReference; lastKnownFileType = sourcecode.c.objc; path = GPNavigationController.m; sourceTree = "<group>"; };
		E04A6505275C5AED00ECDC62 /* CALayer+PauseAimate.h */ = {isa = PBXFileReference; fileEncoding = 4; lastKnownFileType = sourcecode.c.h; path = "CALayer+PauseAimate.h"; sourceTree = "<group>"; };
		E04A6506275C5AED00ECDC62 /* UIImage+GPImage.h */ = {isa = PBXFileReference; fileEncoding = 4; lastKnownFileType = sourcecode.c.h; path = "UIImage+GPImage.h"; sourceTree = "<group>"; };
		E04A6507275C5AED00ECDC62 /* UIImage+GPImage.m */ = {isa = PBXFileReference; fileEncoding = 4; lastKnownFileType = sourcecode.c.objc; path = "UIImage+GPImage.m"; sourceTree = "<group>"; };
		E04A6508275C5AED00ECDC62 /* UIView+GPLayout.h */ = {isa = PBXFileReference; fileEncoding = 4; lastKnownFileType = sourcecode.c.h; path = "UIView+GPLayout.h"; sourceTree = "<group>"; };
		E04A6509275C5AED00ECDC62 /* UIView+GPLayout.m */ = {isa = PBXFileReference; fileEncoding = 4; lastKnownFileType = sourcecode.c.objc; path = "UIView+GPLayout.m"; sourceTree = "<group>"; };
		E04A650A275C5AED00ECDC62 /* CALayer+PauseAimate.m */ = {isa = PBXFileReference; fileEncoding = 4; lastKnownFileType = sourcecode.c.objc; path = "CALayer+PauseAimate.m"; sourceTree = "<group>"; };
		E04A6511275C5B2600ECDC62 /* GPMiddleView.m */ = {isa = PBXFileReference; fileEncoding = 4; lastKnownFileType = sourcecode.c.objc; path = GPMiddleView.m; sourceTree = "<group>"; };
		E04A6512275C5B2600ECDC62 /* GPNavBar.h */ = {isa = PBXFileReference; fileEncoding = 4; lastKnownFileType = sourcecode.c.h; path = GPNavBar.h; sourceTree = "<group>"; };
		E04A6513275C5B2600ECDC62 /* GPNavBar.m */ = {isa = PBXFileReference; fileEncoding = 4; lastKnownFileType = sourcecode.c.objc; path = GPNavBar.m; sourceTree = "<group>"; };
		E04A6514275C5B2600ECDC62 /* GPMiddleView.h */ = {isa = PBXFileReference; fileEncoding = 4; lastKnownFileType = sourcecode.c.h; path = GPMiddleView.h; sourceTree = "<group>"; };
		E04A6515275C5B2600ECDC62 /* GPTabBar.m */ = {isa = PBXFileReference; fileEncoding = 4; lastKnownFileType = sourcecode.c.objc; path = GPTabBar.m; sourceTree = "<group>"; };
		E04A6516275C5B2600ECDC62 /* GPTabBar.h */ = {isa = PBXFileReference; fileEncoding = 4; lastKnownFileType = sourcecode.c.h; path = GPTabBar.h; sourceTree = "<group>"; };
		E04A6517275C5B2600ECDC62 /* GPMiddleView.xib */ = {isa = PBXFileReference; fileEncoding = 4; lastKnownFileType = file.xib; path = GPMiddleView.xib; sourceTree = "<group>"; };
		E04FAD6827A6370E005E1585 /* MainModuleAPI.h */ = {isa = PBXFileReference; lastKnownFileType = sourcecode.c.h; path = MainModuleAPI.h; sourceTree = "<group>"; };
		E04FAD6927A6370E005E1585 /* MainModuleAPI.m */ = {isa = PBXFileReference; lastKnownFileType = sourcecode.c.objc; path = MainModuleAPI.m; sourceTree = "<group>"; };
		E04FAD6E27A8DD08005E1585 /* GPSegmenBarConfig.h */ = {isa = PBXFileReference; lastKnownFileType = sourcecode.c.h; path = GPSegmenBarConfig.h; sourceTree = "<group>"; };
		E04FAD6F27A8DD08005E1585 /* GPSegmenBarConfig.m */ = {isa = PBXFileReference; lastKnownFileType = sourcecode.c.objc; path = GPSegmenBarConfig.m; sourceTree = "<group>"; };
		E04FAD7127A8E01C005E1585 /* GPSegmentBarView.h */ = {isa = PBXFileReference; lastKnownFileType = sourcecode.c.h; path = GPSegmentBarView.h; sourceTree = "<group>"; };
		E04FAD7227A8E01C005E1585 /* GPSegmentBarView.m */ = {isa = PBXFileReference; lastKnownFileType = sourcecode.c.objc; path = GPSegmentBarView.m; sourceTree = "<group>"; };
		E04FAD7427A969E1005E1585 /* GPSementBarViewController.h */ = {isa = PBXFileReference; lastKnownFileType = sourcecode.c.h; path = GPSementBarViewController.h; sourceTree = "<group>"; };
		E04FAD7527A969E1005E1585 /* GPSementBarViewController.m */ = {isa = PBXFileReference; lastKnownFileType = sourcecode.c.objc; path = GPSementBarViewController.m; sourceTree = "<group>"; };
		E04FAD7827AA2EEF005E1585 /* GPPictureCycleProtocol.h */ = {isa = PBXFileReference; lastKnownFileType = sourcecode.c.h; path = GPPictureCycleProtocol.h; sourceTree = "<group>"; };
		E04FAD7927AA2F13005E1585 /* GPPictureCycleView.h */ = {isa = PBXFileReference; lastKnownFileType = sourcecode.c.h; path = GPPictureCycleView.h; sourceTree = "<group>"; };
		E04FAD7A27AA2F13005E1585 /* GPPictureCycleView.m */ = {isa = PBXFileReference; lastKnownFileType = sourcecode.c.objc; path = GPPictureCycleView.m; sourceTree = "<group>"; };
		E04FAD7C27AA540D005E1585 /* NSString+GPString.h */ = {isa = PBXFileReference; lastKnownFileType = sourcecode.c.h; path = "NSString+GPString.h"; sourceTree = "<group>"; };
		E04FAD7D27AA540D005E1585 /* NSString+GPString.m */ = {isa = PBXFileReference; lastKnownFileType = sourcecode.c.objc; path = "NSString+GPString.m"; sourceTree = "<group>"; };
		E04FAD7F27AA56BE005E1585 /* GPDownLoaderFileTool.h */ = {isa = PBXFileReference; lastKnownFileType = sourcecode.c.h; path = GPDownLoaderFileTool.h; sourceTree = "<group>"; };
		E04FAD8027AA56BE005E1585 /* GPDownLoaderFileTool.m */ = {isa = PBXFileReference; lastKnownFileType = sourcecode.c.objc; path = GPDownLoaderFileTool.m; sourceTree = "<group>"; };
		E04FAD8227AA5714005E1585 /* GPDownLoader.h */ = {isa = PBXFileReference; fileEncoding = 4; lastKnownFileType = sourcecode.c.h; path = GPDownLoader.h; sourceTree = "<group>"; };
		E04FAD8327AA5714005E1585 /* GPDownLoader.m */ = {isa = PBXFileReference; fileEncoding = 4; lastKnownFileType = sourcecode.c.objc; path = GPDownLoader.m; sourceTree = "<group>"; };
		E04FAD8427AA5714005E1585 /* GPDownLoadManager.h */ = {isa = PBXFileReference; fileEncoding = 4; lastKnownFileType = sourcecode.c.h; path = GPDownLoadManager.h; sourceTree = "<group>"; };
		E04FAD8527AA5714005E1585 /* GPDownLoadManager.m */ = {isa = PBXFileReference; fileEncoding = 4; lastKnownFileType = sourcecode.c.objc; path = GPDownLoadManager.m; sourceTree = "<group>"; };
		E04FAD8927AB918A005E1585 /* NSURL+GPURL.h */ = {isa = PBXFileReference; lastKnownFileType = sourcecode.c.h; path = "NSURL+GPURL.h"; sourceTree = "<group>"; };
		E04FAD8A27AB918A005E1585 /* NSURL+GPURL.m */ = {isa = PBXFileReference; lastKnownFileType = sourcecode.c.objc; path = "NSURL+GPURL.m"; sourceTree = "<group>"; };
		E04FAD8C27AB91B1005E1585 /* GPAudioDownLoader.m */ = {isa = PBXFileReference; fileEncoding = 4; lastKnownFileType = sourcecode.c.objc; path = GPAudioDownLoader.m; sourceTree = "<group>"; };
		E04FAD8D27AB91B1005E1585 /* GPAudioFileTool.m */ = {isa = PBXFileReference; fileEncoding = 4; lastKnownFileType = sourcecode.c.objc; path = GPAudioFileTool.m; sourceTree = "<group>"; };
		E04FAD8E27AB91B1005E1585 /* GPRemotePlayer.h */ = {isa = PBXFileReference; fileEncoding = 4; lastKnownFileType = sourcecode.c.h; path = GPRemotePlayer.h; sourceTree = "<group>"; };
		E04FAD8F27AB91B1005E1585 /* GPRemotePlayer.m */ = {isa = PBXFileReference; fileEncoding = 4; lastKnownFileType = sourcecode.c.objc; path = GPRemotePlayer.m; sourceTree = "<group>"; };
		E04FAD9027AB91B1005E1585 /* GPAudioDownLoader.h */ = {isa = PBXFileReference; fileEncoding = 4; lastKnownFileType = sourcecode.c.h; path = GPAudioDownLoader.h; sourceTree = "<group>"; };
		E04FAD9127AB91B2005E1585 /* GPAudioFileTool.h */ = {isa = PBXFileReference; fileEncoding = 4; lastKnownFileType = sourcecode.c.h; path = GPAudioFileTool.h; sourceTree = "<group>"; };
		E04FAD9227AB91B2005E1585 /* GPResourceLoader.h */ = {isa = PBXFileReference; fileEncoding = 4; lastKnownFileType = sourcecode.c.h; path = GPResourceLoader.h; sourceTree = "<group>"; };
		E04FAD9327AB91B2005E1585 /* GPResourceLoader.m */ = {isa = PBXFileReference; fileEncoding = 4; lastKnownFileType = sourcecode.c.objc; path = GPResourceLoader.m; sourceTree = "<group>"; };
		E04FAD9927AC1902005E1585 /* GPSqliteTool.h */ = {isa = PBXFileReference; fileEncoding = 4; lastKnownFileType = sourcecode.c.h; path = GPSqliteTool.h; sourceTree = "<group>"; };
		E04FAD9A27AC1902005E1585 /* GPModelTool.h */ = {isa = PBXFileReference; fileEncoding = 4; lastKnownFileType = sourcecode.c.h; path = GPModelTool.h; sourceTree = "<group>"; };
		E04FAD9B27AC1902005E1585 /* GPSqliteModelTool.h */ = {isa = PBXFileReference; fileEncoding = 4; lastKnownFileType = sourcecode.c.h; path = GPSqliteModelTool.h; sourceTree = "<group>"; };
		E04FAD9C27AC1902005E1585 /* GPModelTool.m */ = {isa = PBXFileReference; fileEncoding = 4; lastKnownFileType = sourcecode.c.objc; path = GPModelTool.m; sourceTree = "<group>"; };
		E04FAD9D27AC1902005E1585 /* GPTableTool.m */ = {isa = PBXFileReference; fileEncoding = 4; lastKnownFileType = sourcecode.c.objc; path = GPTableTool.m; sourceTree = "<group>"; };
		E04FAD9E27AC1902005E1585 /* GPSqliteTool.m */ = {isa = PBXFileReference; fileEncoding = 4; lastKnownFileType = sourcecode.c.objc; path = GPSqliteTool.m; sourceTree = "<group>"; };
		E04FAD9F27AC1902005E1585 /* GPSqliteModelTool.m */ = {isa = PBXFileReference; fileEncoding = 4; lastKnownFileType = sourcecode.c.objc; path = GPSqliteModelTool.m; sourceTree = "<group>"; };
		E04FADA027AC1902005E1585 /* GPTableTool.h */ = {isa = PBXFileReference; fileEncoding = 4; lastKnownFileType = sourcecode.c.h; path = GPTableTool.h; sourceTree = "<group>"; };
		E04FADDD27B0FC4B005E1585 /* GPFunctionalCalculator.h */ = {isa = PBXFileReference; lastKnownFileType = sourcecode.c.h; path = GPFunctionalCalculator.h; sourceTree = "<group>"; };
		E04FADDE27B0FC4B005E1585 /* GPFunctionalCalculator.m */ = {isa = PBXFileReference; lastKnownFileType = sourcecode.c.objc; path = GPFunctionalCalculator.m; sourceTree = "<group>"; };
		E04FADE027B0FD0E005E1585 /* GPChainedCalculator.h */ = {isa = PBXFileReference; lastKnownFileType = sourcecode.c.h; path = GPChainedCalculator.h; sourceTree = "<group>"; };
		E04FADE127B0FD0F005E1585 /* GPChainedCalculator.m */ = {isa = PBXFileReference; lastKnownFileType = sourcecode.c.objc; path = GPChainedCalculator.m; sourceTree = "<group>"; };
		E04FADE327B107FF005E1585 /* GPRACBaseLearning.h */ = {isa = PBXFileReference; lastKnownFileType = sourcecode.c.h; path = GPRACBaseLearning.h; sourceTree = "<group>"; };
		E04FADE427B107FF005E1585 /* GPRACBaseLearning.m */ = {isa = PBXFileReference; lastKnownFileType = sourcecode.c.objc; path = GPRACBaseLearning.m; sourceTree = "<group>"; };
		E04FADE627B10A1E005E1585 /* GPFlagItem.m */ = {isa = PBXFileReference; fileEncoding = 4; lastKnownFileType = sourcecode.c.objc; path = GPFlagItem.m; sourceTree = "<group>"; };
		E04FADE727B10A1E005E1585 /* GPFlagItem.h */ = {isa = PBXFileReference; fileEncoding = 4; lastKnownFileType = sourcecode.c.h; path = GPFlagItem.h; sourceTree = "<group>"; };
		E04FADEA27B10E3F005E1585 /* GPRACUseScene.h */ = {isa = PBXFileReference; lastKnownFileType = sourcecode.c.h; path = GPRACUseScene.h; sourceTree = "<group>"; };
		E04FADEB27B10E3F005E1585 /* GPRACUseScene.m */ = {isa = PBXFileReference; lastKnownFileType = sourcecode.c.objc; path = GPRACUseScene.m; sourceTree = "<group>"; };
		E04FADF027B13EFE005E1585 /* MVVMView.m */ = {isa = PBXFileReference; lastKnownFileType = sourcecode.c.objc; path = MVVMView.m; sourceTree = "<group>"; };
		E04FADF127B13EFE005E1585 /* MVVMViewController.m */ = {isa = PBXFileReference; lastKnownFileType = sourcecode.c.objc; path = MVVMViewController.m; sourceTree = "<group>"; };
		E04FADF227B13EFE005E1585 /* Model.m */ = {isa = PBXFileReference; lastKnownFileType = sourcecode.c.objc; path = Model.m; sourceTree = "<group>"; };
		E04FADF327B13EFF005E1585 /* MVVMViewController.h */ = {isa = PBXFileReference; lastKnownFileType = sourcecode.c.h; path = MVVMViewController.h; sourceTree = "<group>"; };
		E04FADF427B13EFF005E1585 /* MVVMViewModel.m */ = {isa = PBXFileReference; lastKnownFileType = sourcecode.c.objc; path = MVVMViewModel.m; sourceTree = "<group>"; };
		E04FADF527B13EFF005E1585 /* ViewModelClass.h */ = {isa = PBXFileReference; lastKnownFileType = sourcecode.c.h; path = ViewModelClass.h; sourceTree = "<group>"; };
		E04FADF627B13EFF005E1585 /* ViewModelClass.m */ = {isa = PBXFileReference; lastKnownFileType = sourcecode.c.objc; path = ViewModelClass.m; sourceTree = "<group>"; };
		E04FADF727B13EFF005E1585 /* MVVMView.h */ = {isa = PBXFileReference; lastKnownFileType = sourcecode.c.h; path = MVVMView.h; sourceTree = "<group>"; };
		E04FADF827B13EFF005E1585 /* Model.h */ = {isa = PBXFileReference; lastKnownFileType = sourcecode.c.h; path = Model.h; sourceTree = "<group>"; };
		E04FADFE27B13FBA005E1585 /* GPRACAdvancedLearning.h */ = {isa = PBXFileReference; lastKnownFileType = sourcecode.c.h; path = GPRACAdvancedLearning.h; sourceTree = "<group>"; };
		E04FADFF27B13FBA005E1585 /* GPRACAdvancedLearning.m */ = {isa = PBXFileReference; lastKnownFileType = sourcecode.c.objc; path = GPRACAdvancedLearning.m; sourceTree = "<group>"; };
		E0FB012027B1549200C71112 /* UIView+GPView.h */ = {isa = PBXFileReference; lastKnownFileType = sourcecode.c.h; path = "UIView+GPView.h"; sourceTree = "<group>"; };
		E0FB012127B1549200C71112 /* UIView+GPView.m */ = {isa = PBXFileReference; lastKnownFileType = sourcecode.c.objc; path = "UIView+GPView.m"; sourceTree = "<group>"; };
		E0FB012427B2A2E400C71112 /* GPVideoCamera.m */ = {isa = PBXFileReference; fileEncoding = 4; lastKnownFileType = sourcecode.c.objc; path = GPVideoCamera.m; sourceTree = "<group>"; };
		E0FB012527B2A2E400C71112 /* GPVideoCamera.h */ = {isa = PBXFileReference; fileEncoding = 4; lastKnownFileType = sourcecode.c.h; path = GPVideoCamera.h; sourceTree = "<group>"; };
		E0FB012727B2A60B00C71112 /* GPOpenGLView.h */ = {isa = PBXFileReference; fileEncoding = 4; lastKnownFileType = sourcecode.c.h; path = GPOpenGLView.h; sourceTree = "<group>"; };
		E0FB012827B2A60C00C71112 /* GPOpenGLView.m */ = {isa = PBXFileReference; fileEncoding = 4; lastKnownFileType = sourcecode.c.objc; path = GPOpenGLView.m; sourceTree = "<group>"; };
/* End PBXFileReference section */

/* Begin PBXFrameworksBuildPhase section */
		E04A64DA27532AE200ECDC62 /* Frameworks */ = {
			isa = PBXFrameworksBuildPhase;
			buildActionMask = 2147483647;
			files = (
				A9793A844063E1E0159E4944 /* Pods_DEMO.framework in Frameworks */,
			);
			runOnlyForDeploymentPostprocessing = 0;
		};
/* End PBXFrameworksBuildPhase section */

/* Begin PBXGroup section */
		5D6E871B3F1A30F09FC60768 /* Pods */ = {
			isa = PBXGroup;
			children = (
				559C99D43B84F5AF76913424 /* Pods-DEMO.debug.xcconfig */,
				33D058DC2353C609C29AD0BE /* Pods-DEMO.release.xcconfig */,
			);
			path = Pods;
			sourceTree = "<group>";
		};
		8F27A571D51F93EC13EA4AD1 /* Frameworks */ = {
			isa = PBXGroup;
			children = (
				043FBC795A4786755E9DAC45 /* Pods_DEMO.framework */,
			);
			name = Frameworks;
			sourceTree = "<group>";
		};
		E04A64D427532AE200ECDC62 = {
			isa = PBXGroup;
			children = (
				E04A64DF27532AE200ECDC62 /* DEMO */,
				E04A64DE27532AE200ECDC62 /* Products */,
				5D6E871B3F1A30F09FC60768 /* Pods */,
				8F27A571D51F93EC13EA4AD1 /* Frameworks */,
			);
			sourceTree = "<group>";
		};
		E04A64DE27532AE200ECDC62 /* Products */ = {
			isa = PBXGroup;
			children = (
				E04A64DD27532AE200ECDC62 /* DEMO.app */,
			);
			name = Products;
			sourceTree = "<group>";
		};
		E04A64DF27532AE200ECDC62 /* DEMO */ = {
			isa = PBXGroup;
			children = (
				E0FB012327B29B4400C71112 /* Camera */,
				E04FADD927B0FAD2005E1585 /* Programming */,
				E04FADD827B0F959005E1585 /* RAC */,
				E04FAD9827AB9325005E1585 /* GPSqlite */,
				E04FAD8827AA580E005E1585 /* GPRemotePlayer */,
				E04FAD7727AA2E8F005E1585 /* GPPictureCycleView */,
				E04FAD6C27A78414005E1585 /* SegmentBar */,
				E04FAD6B27A783C7005E1585 /* Download */,
				E04A64FE275C587C00ECDC62 /* Na&TA */,
				E04A64FD275C583D00ECDC62 /* Category */,
				E04A64F927532D9500ECDC62 /* GCD */,
				E04A64E027532AE200ECDC62 /* AppDelegate.h */,
				E04A64E127532AE200ECDC62 /* AppDelegate.m */,
				E04A64E327532AE200ECDC62 /* SceneDelegate.h */,
				E04A64E427532AE200ECDC62 /* SceneDelegate.m */,
				E04A64E627532AE200ECDC62 /* ViewController.h */,
				E04A64E727532AE200ECDC62 /* ViewController.m */,
				E04A64E927532AE200ECDC62 /* Main.storyboard */,
				E04A64EC27532AE500ECDC62 /* Assets.xcassets */,
				E04A64EE27532AE500ECDC62 /* LaunchScreen.storyboard */,
				E04A64F127532AE500ECDC62 /* Info.plist */,
				E04A64F227532AE500ECDC62 /* main.m */,
			);
			path = DEMO;
			sourceTree = "<group>";
		};
		E04A64F927532D9500ECDC62 /* GCD */ = {
			isa = PBXGroup;
			children = (
				E04A64FA27532DAD00ECDC62 /* GCD.h */,
				E04A64FB27532DAD00ECDC62 /* GCD.m */,
			);
			path = GCD;
			sourceTree = "<group>";
		};
		E04A64FD275C583D00ECDC62 /* Category */ = {
			isa = PBXGroup;
			children = (
				E04A6505275C5AED00ECDC62 /* CALayer+PauseAimate.h */,
				E04A650A275C5AED00ECDC62 /* CALayer+PauseAimate.m */,
				E04A6506275C5AED00ECDC62 /* UIImage+GPImage.h */,
				E04A6507275C5AED00ECDC62 /* UIImage+GPImage.m */,
				E04A6508275C5AED00ECDC62 /* UIView+GPLayout.h */,
				E0FB012027B1549200C71112 /* UIView+GPView.h */,
				E0FB012127B1549200C71112 /* UIView+GPView.m */,
				E04A6509275C5AED00ECDC62 /* UIView+GPLayout.m */,
				E04FAD7C27AA540D005E1585 /* NSString+GPString.h */,
				E04FAD7D27AA540D005E1585 /* NSString+GPString.m */,
				E04FAD8927AB918A005E1585 /* NSURL+GPURL.h */,
				E04FAD8A27AB918A005E1585 /* NSURL+GPURL.m */,
			);
			path = Category;
			sourceTree = "<group>";
		};
		E04A64FE275C587C00ECDC62 /* Na&TA */ = {
			isa = PBXGroup;
			children = (
				E04FAD6827A6370E005E1585 /* MainModuleAPI.h */,
				E04FAD6927A6370E005E1585 /* MainModuleAPI.m */,
				E04A6510275C5B1400ECDC62 /* View */,
				E04A650F275C5B0700ECDC62 /* Controller */,
			);
			path = "Na&TA";
			sourceTree = "<group>";
		};
		E04A650F275C5B0700ECDC62 /* Controller */ = {
			isa = PBXGroup;
			children = (
				E04A64FF275C5A2200ECDC62 /* GPTabBarController.h */,
				E04A6500275C5A2200ECDC62 /* GPTabBarController.m */,
				E04A6502275C5AC100ECDC62 /* GPNavigationController.h */,
				E04A6503275C5AC100ECDC62 /* GPNavigationController.m */,
			);
			path = Controller;
			sourceTree = "<group>";
		};
		E04A6510275C5B1400ECDC62 /* View */ = {
			isa = PBXGroup;
			children = (
				E04A6514275C5B2600ECDC62 /* GPMiddleView.h */,
				E04A6511275C5B2600ECDC62 /* GPMiddleView.m */,
				E04A6517275C5B2600ECDC62 /* GPMiddleView.xib */,
				E04A6512275C5B2600ECDC62 /* GPNavBar.h */,
				E04A6513275C5B2600ECDC62 /* GPNavBar.m */,
				E04A6516275C5B2600ECDC62 /* GPTabBar.h */,
				E04A6515275C5B2600ECDC62 /* GPTabBar.m */,
			);
			path = View;
			sourceTree = "<group>";
		};
		E04FAD6B27A783C7005E1585 /* Download */ = {
			isa = PBXGroup;
			children = (
				E04FAD8227AA5714005E1585 /* GPDownLoader.h */,
				E04FAD8327AA5714005E1585 /* GPDownLoader.m */,
				E04FAD8427AA5714005E1585 /* GPDownLoadManager.h */,
				E04FAD8527AA5714005E1585 /* GPDownLoadManager.m */,
				E04FAD7F27AA56BE005E1585 /* GPDownLoaderFileTool.h */,
				E04FAD8027AA56BE005E1585 /* GPDownLoaderFileTool.m */,
			);
			path = Download;
			sourceTree = "<group>";
		};
		E04FAD6C27A78414005E1585 /* SegmentBar */ = {
			isa = PBXGroup;
			children = (
				E04FAD7427A969E1005E1585 /* GPSementBarViewController.h */,
				E04FAD7527A969E1005E1585 /* GPSementBarViewController.m */,
				E04FAD7127A8E01C005E1585 /* GPSegmentBarView.h */,
				E04FAD7227A8E01C005E1585 /* GPSegmentBarView.m */,
				E04FAD6E27A8DD08005E1585 /* GPSegmenBarConfig.h */,
				E04FAD6F27A8DD08005E1585 /* GPSegmenBarConfig.m */,
			);
			path = SegmentBar;
			sourceTree = "<group>";
		};
		E04FAD7727AA2E8F005E1585 /* GPPictureCycleView */ = {
			isa = PBXGroup;
			children = (
				E04FAD7827AA2EEF005E1585 /* GPPictureCycleProtocol.h */,
				E04FAD7927AA2F13005E1585 /* GPPictureCycleView.h */,
				E04FAD7A27AA2F13005E1585 /* GPPictureCycleView.m */,
			);
			path = GPPictureCycleView;
			sourceTree = "<group>";
		};
		E04FAD8827AA580E005E1585 /* GPRemotePlayer */ = {
			isa = PBXGroup;
			children = (
				E04FAD9027AB91B1005E1585 /* GPAudioDownLoader.h */,
				E04FAD8C27AB91B1005E1585 /* GPAudioDownLoader.m */,
				E04FAD9127AB91B2005E1585 /* GPAudioFileTool.h */,
				E04FAD8D27AB91B1005E1585 /* GPAudioFileTool.m */,
				E04FAD8E27AB91B1005E1585 /* GPRemotePlayer.h */,
				E04FAD8F27AB91B1005E1585 /* GPRemotePlayer.m */,
				E04FAD9227AB91B2005E1585 /* GPResourceLoader.h */,
				E04FAD9327AB91B2005E1585 /* GPResourceLoader.m */,
			);
			path = GPRemotePlayer;
			sourceTree = "<group>";
		};
		E04FAD9827AB9325005E1585 /* GPSqlite */ = {
			isa = PBXGroup;
			children = (
				E04FAD9A27AC1902005E1585 /* GPModelTool.h */,
				E04FAD9C27AC1902005E1585 /* GPModelTool.m */,
				E04FAD9B27AC1902005E1585 /* GPSqliteModelTool.h */,
				E04FAD9F27AC1902005E1585 /* GPSqliteModelTool.m */,
				E04FAD9927AC1902005E1585 /* GPSqliteTool.h */,
				E04FAD9E27AC1902005E1585 /* GPSqliteTool.m */,
				E04FADA027AC1902005E1585 /* GPTableTool.h */,
				E04FAD9D27AC1902005E1585 /* GPTableTool.m */,
			);
			path = GPSqlite;
			sourceTree = "<group>";
		};
		E04FADD827B0F959005E1585 /* RAC */ = {
			isa = PBXGroup;
			children = (
				E04FADED27B1108D005E1585 /* RAC&MVVM */,
				E04FADE927B10A3A005E1585 /* Mode */,
				E04FADE327B107FF005E1585 /* GPRACBaseLearning.h */,
				E04FADE427B107FF005E1585 /* GPRACBaseLearning.m */,
				E04FADFE27B13FBA005E1585 /* GPRACAdvancedLearning.h */,
				E04FADFF27B13FBA005E1585 /* GPRACAdvancedLearning.m */,
				E04FADEA27B10E3F005E1585 /* GPRACUseScene.h */,
				E04FADEB27B10E3F005E1585 /* GPRACUseScene.m */,
			);
			path = RAC;
			sourceTree = "<group>";
		};
		E04FADD927B0FAD2005E1585 /* Programming */ = {
			isa = PBXGroup;
			children = (
				E04FADDB27B0FB4E005E1585 /* Chained */,
				E04FADDA27B0FB34005E1585 /* Functional */,
			);
			path = Programming;
			sourceTree = "<group>";
		};
		E04FADDA27B0FB34005E1585 /* Functional */ = {
			isa = PBXGroup;
			children = (
				E04FADDD27B0FC4B005E1585 /* GPFunctionalCalculator.h */,
				E04FADDE27B0FC4B005E1585 /* GPFunctionalCalculator.m */,
			);
			path = Functional;
			sourceTree = "<group>";
		};
		E04FADDB27B0FB4E005E1585 /* Chained */ = {
			isa = PBXGroup;
			children = (
				E04FADE027B0FD0E005E1585 /* GPChainedCalculator.h */,
				E04FADE127B0FD0F005E1585 /* GPChainedCalculator.m */,
			);
			path = Chained;
			sourceTree = "<group>";
		};
		E04FADE927B10A3A005E1585 /* Mode */ = {
			isa = PBXGroup;
			children = (
				E04FADE727B10A1E005E1585 /* GPFlagItem.h */,
				E04FADE627B10A1E005E1585 /* GPFlagItem.m */,
			);
			path = Mode;
			sourceTree = "<group>";
		};
		E04FADED27B1108D005E1585 /* RAC&MVVM */ = {
			isa = PBXGroup;
			children = (
				E04FADF827B13EFF005E1585 /* Model.h */,
				E04FADF227B13EFE005E1585 /* Model.m */,
				E04FADF727B13EFF005E1585 /* MVVMView.h */,
				E04FADF027B13EFE005E1585 /* MVVMView.m */,
				E04FADF327B13EFF005E1585 /* MVVMViewController.h */,
				E04FADF127B13EFE005E1585 /* MVVMViewController.m */,
				E04FADF427B13EFF005E1585 /* MVVMViewModel.m */,
				E04FADF527B13EFF005E1585 /* ViewModelClass.h */,
				E04FADF627B13EFF005E1585 /* ViewModelClass.m */,
			);
			path = "RAC&MVVM";
			sourceTree = "<group>";
		};
		E0FB012327B29B4400C71112 /* Camera */ = {
			isa = PBXGroup;
			children = (
				E0FB012527B2A2E400C71112 /* GPVideoCamera.h */,
				E0FB012427B2A2E400C71112 /* GPVideoCamera.m */,
				E0FB012727B2A60B00C71112 /* GPOpenGLView.h */,
				E0FB012827B2A60C00C71112 /* GPOpenGLView.m */,
			);
			path = Camera;
			sourceTree = "<group>";
		};
/* End PBXGroup section */

/* Begin PBXNativeTarget section */
		E04A64DC27532AE200ECDC62 /* DEMO */ = {
			isa = PBXNativeTarget;
			buildConfigurationList = E04A64F627532AE500ECDC62 /* Build configuration list for PBXNativeTarget "DEMO" */;
			buildPhases = (
				1A1D3F04A705B94ECC8029A5 /* [CP] Check Pods Manifest.lock */,
				E04A64D927532AE200ECDC62 /* Sources */,
				E04A64DA27532AE200ECDC62 /* Frameworks */,
				E04A64DB27532AE200ECDC62 /* Resources */,
				E0CED57D3D2AA4730E13CB51 /* [CP] Embed Pods Frameworks */,
			);
			buildRules = (
			);
			dependencies = (
			);
			name = DEMO;
			productName = DEMO;
			productReference = E04A64DD27532AE200ECDC62 /* DEMO.app */;
			productType = "com.apple.product-type.application";
		};
/* End PBXNativeTarget section */

/* Begin PBXProject section */
		E04A64D527532AE200ECDC62 /* Project object */ = {
			isa = PBXProject;
			attributes = {
				CLASSPREFIX = GP;
				LastUpgradeCheck = 1170;
				ORGANIZATIONNAME = "郭鹏";
				TargetAttributes = {
					E04A64DC27532AE200ECDC62 = {
						CreatedOnToolsVersion = 11.7;
					};
				};
			};
			buildConfigurationList = E04A64D827532AE200ECDC62 /* Build configuration list for PBXProject "DEMO" */;
			compatibilityVersion = "Xcode 9.3";
			developmentRegion = en;
			hasScannedForEncodings = 0;
			knownRegions = (
				en,
				Base,
			);
			mainGroup = E04A64D427532AE200ECDC62;
			productRefGroup = E04A64DE27532AE200ECDC62 /* Products */;
			projectDirPath = "";
			projectRoot = "";
			targets = (
				E04A64DC27532AE200ECDC62 /* DEMO */,
			);
		};
/* End PBXProject section */

/* Begin PBXResourcesBuildPhase section */
		E04A64DB27532AE200ECDC62 /* Resources */ = {
			isa = PBXResourcesBuildPhase;
			buildActionMask = 2147483647;
			files = (
				E04A651B275C5B2600ECDC62 /* GPMiddleView.xib in Resources */,
				E04A64F027532AE500ECDC62 /* LaunchScreen.storyboard in Resources */,
				E04A64ED27532AE500ECDC62 /* Assets.xcassets in Resources */,
				E04A64EB27532AE200ECDC62 /* Main.storyboard in Resources */,
			);
			runOnlyForDeploymentPostprocessing = 0;
		};
/* End PBXResourcesBuildPhase section */

/* Begin PBXShellScriptBuildPhase section */
		1A1D3F04A705B94ECC8029A5 /* [CP] Check Pods Manifest.lock */ = {
			isa = PBXShellScriptBuildPhase;
			buildActionMask = 2147483647;
			files = (
			);
			inputFileListPaths = (
			);
			inputPaths = (
				"${PODS_PODFILE_DIR_PATH}/Podfile.lock",
				"${PODS_ROOT}/Manifest.lock",
			);
			name = "[CP] Check Pods Manifest.lock";
			outputFileListPaths = (
			);
			outputPaths = (
				"$(DERIVED_FILE_DIR)/Pods-DEMO-checkManifestLockResult.txt",
			);
			runOnlyForDeploymentPostprocessing = 0;
			shellPath = /bin/sh;
			shellScript = "diff \"${PODS_PODFILE_DIR_PATH}/Podfile.lock\" \"${PODS_ROOT}/Manifest.lock\" > /dev/null\nif [ $? != 0 ] ; then\n    # print error to STDERR\n    echo \"error: The sandbox is not in sync with the Podfile.lock. Run 'pod install' or update your CocoaPods installation.\" >&2\n    exit 1\nfi\n# This output is used by Xcode 'outputs' to avoid re-running this script phase.\necho \"SUCCESS\" > \"${SCRIPT_OUTPUT_FILE_0}\"\n";
			showEnvVarsInLog = 0;
		};
		E0CED57D3D2AA4730E13CB51 /* [CP] Embed Pods Frameworks */ = {
			isa = PBXShellScriptBuildPhase;
			buildActionMask = 2147483647;
			files = (
			);
			inputFileListPaths = (
				"${PODS_ROOT}/Target Support Files/Pods-DEMO/Pods-DEMO-frameworks-${CONFIGURATION}-input-files.xcfilelist",
			);
			name = "[CP] Embed Pods Frameworks";
			outputFileListPaths = (
				"${PODS_ROOT}/Target Support Files/Pods-DEMO/Pods-DEMO-frameworks-${CONFIGURATION}-output-files.xcfilelist",
			);
			runOnlyForDeploymentPostprocessing = 0;
			shellPath = /bin/sh;
			shellScript = "\"${PODS_ROOT}/Target Support Files/Pods-DEMO/Pods-DEMO-frameworks.sh\"\n";
			showEnvVarsInLog = 0;
		};
/* End PBXShellScriptBuildPhase section */

/* Begin PBXSourcesBuildPhase section */
		E04A64D927532AE200ECDC62 /* Sources */ = {
			isa = PBXSourcesBuildPhase;
			buildActionMask = 2147483647;
			files = (
				E04A6519275C5B2600ECDC62 /* GPNavBar.m in Sources */,
				E0FB012927B2A60C00C71112 /* GPOpenGLView.m in Sources */,
				E04FAD8127AA56BE005E1585 /* GPDownLoaderFileTool.m in Sources */,
				E04FADE827B10A1E005E1585 /* GPFlagItem.m in Sources */,
				E04FADE227B0FD0F005E1585 /* GPChainedCalculator.m in Sources */,
				E04A650B275C5AED00ECDC62 /* UIImage+GPImage.m in Sources */,
				E0FB012227B1549200C71112 /* UIView+GPView.m in Sources */,
				E04FADA427AC1902005E1585 /* GPSqliteModelTool.m in Sources */,
				E04FADFC27B13F00005E1585 /* MVVMView.m in Sources */,
				E04FAD8B27AB918A005E1585 /* NSURL+GPURL.m in Sources */,
				E04FAD9527AB91B2005E1585 /* GPAudioFileTool.m in Sources */,
				E04FAD7E27AA540D005E1585 /* NSString+GPString.m in Sources */,
				E04FADDF27B0FC4B005E1585 /* GPFunctionalCalculator.m in Sources */,
				E04A64FC27532DAD00ECDC62 /* GCD.m in Sources */,
				E04FAD7B27AA2F13005E1585 /* GPPictureCycleView.m in Sources */,
				E04FADEC27B10E3F005E1585 /* GPRACUseScene.m in Sources */,
				E04FADF927B13F00005E1585 /* MVVMViewModel.m in Sources */,
				E04FAD9727AB91B2005E1585 /* GPResourceLoader.m in Sources */,
				E04A64E827532AE200ECDC62 /* ViewController.m in Sources */,
				E04A6501275C5A2200ECDC62 /* GPTabBarController.m in Sources */,
				E04FADFB27B13F00005E1585 /* MVVMViewController.m in Sources */,
				E04A64E227532AE200ECDC62 /* AppDelegate.m in Sources */,
				E04FADA227AC1902005E1585 /* GPTableTool.m in Sources */,
				E04FADA127AC1902005E1585 /* GPModelTool.m in Sources */,
				E04FAD8627AA5714005E1585 /* GPDownLoader.m in Sources */,
				E04FAE0027B13FBA005E1585 /* GPRACAdvancedLearning.m in Sources */,
				E04A64F327532AE500ECDC62 /* main.m in Sources */,
				E04FAD7327A8E01C005E1585 /* GPSegmentBarView.m in Sources */,
				E04A6518275C5B2600ECDC62 /* GPMiddleView.m in Sources */,
				E04A6504275C5AC100ECDC62 /* GPNavigationController.m in Sources */,
				E04A651A275C5B2600ECDC62 /* GPTabBar.m in Sources */,
				E04FAD9627AB91B2005E1585 /* GPRemotePlayer.m in Sources */,
				E0FB012627B2A2E400C71112 /* GPVideoCamera.m in Sources */,
				E04FADE527B107FF005E1585 /* GPRACBaseLearning.m in Sources */,
				E04A64E527532AE200ECDC62 /* SceneDelegate.m in Sources */,
				E04FAD7627A969E1005E1585 /* GPSementBarViewController.m in Sources */,
				E04FAD6A27A6370E005E1585 /* MainModuleAPI.m in Sources */,
				E04FADFA27B13F00005E1585 /* Model.m in Sources */,
				E04FAD7027A8DD08005E1585 /* GPSegmenBarConfig.m in Sources */,
				E04FAD9427AB91B2005E1585 /* GPAudioDownLoader.m in Sources */,
				E04FADA327AC1902005E1585 /* GPSqliteTool.m in Sources */,
				E04FADFD27B13F00005E1585 /* ViewModelClass.m in Sources */,
				E04A650C275C5AED00ECDC62 /* UIView+GPLayout.m in Sources */,
				E04FAD8727AA5714005E1585 /* GPDownLoadManager.m in Sources */,
				E04A650D275C5AED00ECDC62 /* CALayer+PauseAimate.m in Sources */,
			);
			runOnlyForDeploymentPostprocessing = 0;
		};
/* End PBXSourcesBuildPhase section */

/* Begin PBXVariantGroup section */
		E04A64E927532AE200ECDC62 /* Main.storyboard */ = {
			isa = PBXVariantGroup;
			children = (
				E04A64EA27532AE200ECDC62 /* Base */,
			);
			name = Main.storyboard;
			sourceTree = "<group>";
		};
		E04A64EE27532AE500ECDC62 /* LaunchScreen.storyboard */ = {
			isa = PBXVariantGroup;
			children = (
				E04A64EF27532AE500ECDC62 /* Base */,
			);
			name = LaunchScreen.storyboard;
			sourceTree = "<group>";
		};
/* End PBXVariantGroup section */

/* Begin XCBuildConfiguration section */
		E04A64F427532AE500ECDC62 /* Debug */ = {
			isa = XCBuildConfiguration;
			buildSettings = {
				ALWAYS_SEARCH_USER_PATHS = NO;
				CLANG_ANALYZER_NONNULL = YES;
				CLANG_ANALYZER_NUMBER_OBJECT_CONVERSION = YES_AGGRESSIVE;
				CLANG_CXX_LANGUAGE_STANDARD = "gnu++14";
				CLANG_CXX_LIBRARY = "libc++";
				CLANG_ENABLE_MODULES = YES;
				CLANG_ENABLE_OBJC_ARC = YES;
				CLANG_ENABLE_OBJC_WEAK = YES;
				CLANG_WARN_BLOCK_CAPTURE_AUTORELEASING = YES;
				CLANG_WARN_BOOL_CONVERSION = YES;
				CLANG_WARN_COMMA = YES;
				CLANG_WARN_CONSTANT_CONVERSION = YES;
				CLANG_WARN_DEPRECATED_OBJC_IMPLEMENTATIONS = YES;
				CLANG_WARN_DIRECT_OBJC_ISA_USAGE = YES_ERROR;
				CLANG_WARN_DOCUMENTATION_COMMENTS = YES;
				CLANG_WARN_EMPTY_BODY = YES;
				CLANG_WARN_ENUM_CONVERSION = YES;
				CLANG_WARN_INFINITE_RECURSION = YES;
				CLANG_WARN_INT_CONVERSION = YES;
				CLANG_WARN_NON_LITERAL_NULL_CONVERSION = YES;
				CLANG_WARN_OBJC_IMPLICIT_RETAIN_SELF = YES;
				CLANG_WARN_OBJC_LITERAL_CONVERSION = YES;
				CLANG_WARN_OBJC_ROOT_CLASS = YES_ERROR;
				CLANG_WARN_RANGE_LOOP_ANALYSIS = YES;
				CLANG_WARN_STRICT_PROTOTYPES = YES;
				CLANG_WARN_SUSPICIOUS_MOVE = YES;
				CLANG_WARN_UNGUARDED_AVAILABILITY = YES_AGGRESSIVE;
				CLANG_WARN_UNREACHABLE_CODE = YES;
				CLANG_WARN__DUPLICATE_METHOD_MATCH = YES;
				COPY_PHASE_STRIP = NO;
				DEBUG_INFORMATION_FORMAT = dwarf;
				ENABLE_STRICT_OBJC_MSGSEND = YES;
				ENABLE_TESTABILITY = YES;
				GCC_C_LANGUAGE_STANDARD = gnu11;
				GCC_DYNAMIC_NO_PIC = NO;
				GCC_NO_COMMON_BLOCKS = YES;
				GCC_OPTIMIZATION_LEVEL = 0;
				GCC_PREPROCESSOR_DEFINITIONS = (
					"DEBUG=1",
					"$(inherited)",
				);
				GCC_WARN_64_TO_32_BIT_CONVERSION = YES;
				GCC_WARN_ABOUT_RETURN_TYPE = YES_ERROR;
				GCC_WARN_UNDECLARED_SELECTOR = YES;
				GCC_WARN_UNINITIALIZED_AUTOS = YES_AGGRESSIVE;
				GCC_WARN_UNUSED_FUNCTION = YES;
				GCC_WARN_UNUSED_VARIABLE = YES;
				IPHONEOS_DEPLOYMENT_TARGET = 13.7;
				MTL_ENABLE_DEBUG_INFO = INCLUDE_SOURCE;
				MTL_FAST_MATH = YES;
				ONLY_ACTIVE_ARCH = YES;
				SDKROOT = iphoneos;
			};
			name = Debug;
		};
		E04A64F527532AE500ECDC62 /* Release */ = {
			isa = XCBuildConfiguration;
			buildSettings = {
				ALWAYS_SEARCH_USER_PATHS = NO;
				CLANG_ANALYZER_NONNULL = YES;
				CLANG_ANALYZER_NUMBER_OBJECT_CONVERSION = YES_AGGRESSIVE;
				CLANG_CXX_LANGUAGE_STANDARD = "gnu++14";
				CLANG_CXX_LIBRARY = "libc++";
				CLANG_ENABLE_MODULES = YES;
				CLANG_ENABLE_OBJC_ARC = YES;
				CLANG_ENABLE_OBJC_WEAK = YES;
				CLANG_WARN_BLOCK_CAPTURE_AUTORELEASING = YES;
				CLANG_WARN_BOOL_CONVERSION = YES;
				CLANG_WARN_COMMA = YES;
				CLANG_WARN_CONSTANT_CONVERSION = YES;
				CLANG_WARN_DEPRECATED_OBJC_IMPLEMENTATIONS = YES;
				CLANG_WARN_DIRECT_OBJC_ISA_USAGE = YES_ERROR;
				CLANG_WARN_DOCUMENTATION_COMMENTS = YES;
				CLANG_WARN_EMPTY_BODY = YES;
				CLANG_WARN_ENUM_CONVERSION = YES;
				CLANG_WARN_INFINITE_RECURSION = YES;
				CLANG_WARN_INT_CONVERSION = YES;
				CLANG_WARN_NON_LITERAL_NULL_CONVERSION = YES;
				CLANG_WARN_OBJC_IMPLICIT_RETAIN_SELF = YES;
				CLANG_WARN_OBJC_LITERAL_CONVERSION = YES;
				CLANG_WARN_OBJC_ROOT_CLASS = YES_ERROR;
				CLANG_WARN_RANGE_LOOP_ANALYSIS = YES;
				CLANG_WARN_STRICT_PROTOTYPES = YES;
				CLANG_WARN_SUSPICIOUS_MOVE = YES;
				CLANG_WARN_UNGUARDED_AVAILABILITY = YES_AGGRESSIVE;
				CLANG_WARN_UNREACHABLE_CODE = YES;
				CLANG_WARN__DUPLICATE_METHOD_MATCH = YES;
				COPY_PHASE_STRIP = NO;
				DEBUG_INFORMATION_FORMAT = "dwarf-with-dsym";
				ENABLE_NS_ASSERTIONS = NO;
				ENABLE_STRICT_OBJC_MSGSEND = YES;
				GCC_C_LANGUAGE_STANDARD = gnu11;
				GCC_NO_COMMON_BLOCKS = YES;
				GCC_WARN_64_TO_32_BIT_CONVERSION = YES;
				GCC_WARN_ABOUT_RETURN_TYPE = YES_ERROR;
				GCC_WARN_UNDECLARED_SELECTOR = YES;
				GCC_WARN_UNINITIALIZED_AUTOS = YES_AGGRESSIVE;
				GCC_WARN_UNUSED_FUNCTION = YES;
				GCC_WARN_UNUSED_VARIABLE = YES;
				IPHONEOS_DEPLOYMENT_TARGET = 13.7;
				MTL_ENABLE_DEBUG_INFO = NO;
				MTL_FAST_MATH = YES;
				SDKROOT = iphoneos;
				VALIDATE_PRODUCT = YES;
			};
			name = Release;
		};
		E04A64F727532AE500ECDC62 /* Debug */ = {
			isa = XCBuildConfiguration;
			baseConfigurationReference = 559C99D43B84F5AF76913424 /* Pods-DEMO.debug.xcconfig */;
			buildSettings = {
				ASSETCATALOG_COMPILER_APPICON_NAME = AppIcon;
				CODE_SIGN_STYLE = Automatic;
				INFOPLIST_FILE = DEMO/Info.plist;
				LD_RUNPATH_SEARCH_PATHS = (
					"$(inherited)",
					"@executable_path/Frameworks",
				);
				PRODUCT_BUNDLE_IDENTIFIER = com.GP.code.DEMO;
				PRODUCT_NAME = "$(TARGET_NAME)";
				TARGETED_DEVICE_FAMILY = "1,2";
			};
			name = Debug;
		};
		E04A64F827532AE500ECDC62 /* Release */ = {
			isa = XCBuildConfiguration;
			baseConfigurationReference = 33D058DC2353C609C29AD0BE /* Pods-DEMO.release.xcconfig */;
			buildSettings = {
				ASSETCATALOG_COMPILER_APPICON_NAME = AppIcon;
				CODE_SIGN_STYLE = Automatic;
				INFOPLIST_FILE = DEMO/Info.plist;
				LD_RUNPATH_SEARCH_PATHS = (
					"$(inherited)",
					"@executable_path/Frameworks",
				);
				PRODUCT_BUNDLE_IDENTIFIER = com.GP.code.DEMO;
				PRODUCT_NAME = "$(TARGET_NAME)";
				TARGETED_DEVICE_FAMILY = "1,2";
			};
			name = Release;
		};
/* End XCBuildConfiguration section */

/* Begin XCConfigurationList section */
		E04A64D827532AE200ECDC62 /* Build configuration list for PBXProject "DEMO" */ = {
			isa = XCConfigurationList;
			buildConfigurations = (
				E04A64F427532AE500ECDC62 /* Debug */,
				E04A64F527532AE500ECDC62 /* Release */,
			);
			defaultConfigurationIsVisible = 0;
			defaultConfigurationName = Release;
		};
		E04A64F627532AE500ECDC62 /* Build configuration list for PBXNativeTarget "DEMO" */ = {
			isa = XCConfigurationList;
			buildConfigurations = (
				E04A64F727532AE500ECDC62 /* Debug */,
				E04A64F827532AE500ECDC62 /* Release */,
			);
			defaultConfigurationIsVisible = 0;
			defaultConfigurationName = Release;
		};
/* End XCConfigurationList section */
	};
	rootObject = E04A64D527532AE200ECDC62 /* Project object */;
}
